
Microsoft Visual Studio Solution File, Format Version 12.00
# Visual Studio Version 17
VisualStudioVersion = 17.6.33829.357
MinimumVisualStudioVersion = 10.0.40219.1
Project("{FAE04EC0-301F-11D3-BF4B-00C04F79EFBC}") = "Expresiones Regulares", "Expresiones Regulares\Expresiones Regulares.csproj", "{F20EBDF8-D239-491E-B54F-4C2A86F7DFDF}"
EndProject
Global
	GlobalSection(SolutionConfigurationPlatforms) = preSolution
		Debug|Any CPU = Debug|Any CPU
		Release|Any CPU = Release|Any CPU
	EndGlobalSection
	GlobalSection(ProjectConfigurationPlatforms) = postSolution
		{F20EBDF8-D239-491E-B54F-4C2A86F7DFDF}.Debug|Any CPU.ActiveCfg = Debug|Any CPU
		{F20EBDF8-D239-491E-B54F-4C2A86F7DFDF}.Debug|Any CPU.Build.0 = Debug|Any CPU
		{F20EBDF8-D239-491E-B54F-4C2A86F7DFDF}.Release|Any CPU.ActiveCfg = Release|Any CPU
		{F20EBDF8-D239-491E-B54F-4C2A86F7DFDF}.Release|Any CPU.Build.0 = Release|Any CPU
	EndGlobalSection
	GlobalSection(SolutionProperties) = preSolution
		HideSolutionNode = FALSE
	EndGlobalSection
	GlobalSection(ExtensibilityGlobals) = postSolution
		SolutionGuid = {1E687F68-7A7A-457C-B810-034D904A3E29}
	EndGlobalSection
EndGlobal
